
Microsoft Visual Studio Solution File, Format Version 12.00
# Visual Studio Version 17
VisualStudioVersion = 17.5.33502.453
MinimumVisualStudioVersion = 10.0.40219.1
Project("{FAE04EC0-301F-11D3-BF4B-00C04F79EFBC}") = "c#networkcl", "c#networkcl\c#networkcl.csproj", "{0CF9FBA0-AEBB-460D-9EAC-9B232314FB72}"
EndProject
Global
	GlobalSection(SolutionConfigurationPlatforms) = preSolution
		Debug|Any CPU = Debug|Any CPU
		Release|Any CPU = Release|Any CPU
	EndGlobalSection
	GlobalSection(ProjectConfigurationPlatforms) = postSolution
		{0CF9FBA0-AEBB-460D-9EAC-9B232314FB72}.Debug|Any CPU.ActiveCfg = Debug|Any CPU
		{0CF9FBA0-AEBB-460D-9EAC-9B232314FB72}.Debug|Any CPU.Build.0 = Debug|Any CPU
		{0CF9FBA0-AEBB-460D-9EAC-9B232314FB72}.Release|Any CPU.ActiveCfg = Release|Any CPU
		{0CF9FBA0-AEBB-460D-9EAC-9B232314FB72}.Release|Any CPU.Build.0 = Release|Any CPU
	EndGlobalSection
	GlobalSection(SolutionProperties) = preSolution
		HideSolutionNode = FALSE
	EndGlobalSection
	GlobalSection(ExtensibilityGlobals) = postSolution
		SolutionGuid = {CEEFF71B-10FF-4C7D-80C3-362AE314E7BC}
	EndGlobalSection
EndGlobal
